
Microsoft Visual Studio Solution File, Format Version 12.00
Project("{FAE04EC0-301F-11D3-BF4B-00C04F79EFBC}") = "WinTime", "WinTime\WinTime.csproj", "{13C556D2-06BF-4EEB-AB50-98BA5077BAF5}"
EndProject
Project("{FAE04EC0-301F-11D3-BF4B-00C04F79EFBC}") = "WinTime.Driver", "WinTime.Driver\WinTime.Driver.csproj", "{3CFCBB4D-5C00-4BD0-B841-D781CD02E355}"
EndProject
Global
	GlobalSection(SolutionConfigurationPlatforms) = preSolution
		Any CPU|Any CPU = Any CPU|Any CPU
	EndGlobalSection
	GlobalSection(ProjectConfigurationPlatforms) = postSolution
		{13C556D2-06BF-4EEB-AB50-98BA5077BAF5}.Any CPU|Any CPU.ActiveCfg = Any CPU|Any CPU
		{13C556D2-06BF-4EEB-AB50-98BA5077BAF5}.Any CPU|Any CPU.Build.0 = Any CPU|Any CPU
		{3CFCBB4D-5C00-4BD0-B841-D781CD02E355}.Any CPU|Any CPU.ActiveCfg = Any CPU|Any CPU
		{3CFCBB4D-5C00-4BD0-B841-D781CD02E355}.Any CPU|Any CPU.Build.0 = Any CPU|Any CPU
	EndGlobalSection
EndGlobal
